
Microsoft Visual Studio Solution File, Format Version 12.00
# Visual Studio Version 16
VisualStudioVersion = 16.0.31112.23
MinimumVisualStudioVersion = 10.0.40219.1
Project("{9A19103F-16F7-4668-BE54-9A1E7A4F7556}") = "BulkImportDelimitedFlatFiles", "BulkImportDelimitedFlatFiles.csproj", "{91345796-53D0-4069-9197-1C611353FB7D}"
EndProject
Global
	GlobalSection(SolutionConfigurationPlatforms) = preSolution
		Debug|Any CPU = Debug|Any CPU
		Release|Any CPU = Release|Any CPU
	EndGlobalSection
	GlobalSection(ProjectConfigurationPlatforms) = postSolution
		{91345796-53D0-4069-9197-1C611353FB7D}.Debug|Any CPU.ActiveCfg = Debug|Any CPU
		{91345796-53D0-4069-9197-1C611353FB7D}.Debug|Any CPU.Build.0 = Debug|Any CPU
		{91345796-53D0-4069-9197-1C611353FB7D}.Release|Any CPU.ActiveCfg = Release|Any CPU
		{91345796-53D0-4069-9197-1C611353FB7D}.Release|Any CPU.Build.0 = Release|Any CPU
	EndGlobalSection
	GlobalSection(SolutionProperties) = preSolution
		HideSolutionNode = FALSE
	EndGlobalSection
	GlobalSection(ExtensibilityGlobals) = postSolution
		SolutionGuid = {01B49B15-3494-4F12-99B0-4B90F22F55EC}
	EndGlobalSection
EndGlobal
